<Solution>
  <Project Path="DemoMutableStructPitfall\DemoMutableStructPitfall.csproj" />
  <Project Path="DemoRecordTypes\DemoRecordTypes.csproj" />
  <Project Path="DemoConcurrentDictionary\DemoConcurrentDictionary.csproj" />
  <Project Path="DemoImmutableCollections\DemoImmutableCollections.csproj" />
  <Project Path="DemoFrozenCollections\DemoFrozenCollections.csproj" />
  <Project Path="DemoImmutableArrayDefaultValueTrap\DemoImmutableArrayDefaultValueTrap.csproj" />
</Solution>
