<Solution>
  <Project Path="DemoAspNetCoreConcurrency\DemoAspNetCoreConcurrency.csproj" />
  <Project Path="DemoAsyncMvvmWpf\DemoAsyncMvvmWpf.csproj" />
  <Project Path="DemoControlInvokeAsync\DemoControlInvokeAsync.csproj" />
  <Project Path="DemoHttpClient\DemoHttpClient.csproj" />
  <Project Path="DemoFileStream\DemoFileStream.csproj" />
  <Project Path="DemoShowDialogAsync\DemoShowDialogAsync.csproj" />
</Solution>
